
Microsoft Visual Studio Solution File, Format Version 12.00
# Visual Studio Version 17
VisualStudioVersion = 17.12.35506.116 d17.12
MinimumVisualStudioVersion = 10.0.40219.1
Project("{FAE04EC0-301F-11D3-BF4B-00C04F79EFBC}") = "Substrate.net", "Substrate.net\Substrate.net.csproj", "{C324042D-FF16-4A0B-9B41-23A01CB0881F}"
EndProject
Global
	GlobalSection(SolutionConfigurationPlatforms) = preSolution
		Debug|Any CPU = Debug|Any CPU
		Debug|x64 = Debug|x64
		Release|Any CPU = Release|Any CPU
		Release|x64 = Release|x64
	EndGlobalSection
	GlobalSection(ProjectConfigurationPlatforms) = postSolution
		{C324042D-FF16-4A0B-9B41-23A01CB0881F}.Debug|Any CPU.ActiveCfg = Debug|Any CPU
		{C324042D-FF16-4A0B-9B41-23A01CB0881F}.Debug|Any CPU.Build.0 = Debug|Any CPU
		{C324042D-FF16-4A0B-9B41-23A01CB0881F}.Debug|x64.ActiveCfg = Debug|x64
		{C324042D-FF16-4A0B-9B41-23A01CB0881F}.Debug|x64.Build.0 = Debug|x64
		{C324042D-FF16-4A0B-9B41-23A01CB0881F}.Release|Any CPU.ActiveCfg = Release|Any CPU
		{C324042D-FF16-4A0B-9B41-23A01CB0881F}.Release|Any CPU.Build.0 = Release|Any CPU
		{C324042D-FF16-4A0B-9B41-23A01CB0881F}.Release|x64.ActiveCfg = Release|x64
		{C324042D-FF16-4A0B-9B41-23A01CB0881F}.Release|x64.Build.0 = Release|x64
	EndGlobalSection
	GlobalSection(SolutionProperties) = preSolution
		HideSolutionNode = FALSE
	EndGlobalSection
EndGlobal
